
Microsoft Visual Studio Solution File, Format Version 12.00
# Visual Studio Version 16
VisualStudioVersion = 16.0.30523.141
MinimumVisualStudioVersion = 10.0.40219.1
Project("{FAE04EC0-301F-11D3-BF4B-00C04F79EFBC}") = "WebApplication1", "WebApplication1\WebApplication1.csproj", "{BB5145EC-48D6-457E-A081-821E49647900}"
EndProject
Project("{FAE04EC0-301F-11D3-BF4B-00C04F79EFBC}") = "Entities", "Entities\Entities.csproj", "{CCE4D549-440B-4B49-99A3-E6701F610FE8}"
EndProject
Global
	GlobalSection(SolutionConfigurationPlatforms) = preSolution
		Debug|Any CPU = Debug|Any CPU
		Release|Any CPU = Release|Any CPU
	EndGlobalSection
	GlobalSection(ProjectConfigurationPlatforms) = postSolution
		{BB5145EC-48D6-457E-A081-821E49647900}.Debug|Any CPU.ActiveCfg = Debug|Any CPU
		{BB5145EC-48D6-457E-A081-821E49647900}.Debug|Any CPU.Build.0 = Debug|Any CPU
		{BB5145EC-48D6-457E-A081-821E49647900}.Release|Any CPU.ActiveCfg = Release|Any CPU
		{BB5145EC-48D6-457E-A081-821E49647900}.Release|Any CPU.Build.0 = Release|Any CPU
		{CCE4D549-440B-4B49-99A3-E6701F610FE8}.Debug|Any CPU.ActiveCfg = Debug|Any CPU
		{CCE4D549-440B-4B49-99A3-E6701F610FE8}.Debug|Any CPU.Build.0 = Debug|Any CPU
		{CCE4D549-440B-4B49-99A3-E6701F610FE8}.Release|Any CPU.ActiveCfg = Release|Any CPU
		{CCE4D549-440B-4B49-99A3-E6701F610FE8}.Release|Any CPU.Build.0 = Release|Any CPU
	EndGlobalSection
	GlobalSection(SolutionProperties) = preSolution
		HideSolutionNode = FALSE
	EndGlobalSection
	GlobalSection(ExtensibilityGlobals) = postSolution
		SolutionGuid = {22C58B52-E341-4CE2-B41D-64DA6EA0A24C}
	EndGlobalSection
EndGlobal
